
Microsoft Visual Studio Solution File, Format Version 12.00
# Visual Studio Version 16
VisualStudioVersion = 16.0.30011.22
MinimumVisualStudioVersion = 10.0.40219.1
Project("{FAE04EC0-301F-11D3-BF4B-00C04F79EFBC}") = "Halak 09_23", "Halak 09_23\Halak 09_23.csproj", "{4C1EF540-B130-4A6F-8942-712921E59E66}"
EndProject
Global
	GlobalSection(SolutionConfigurationPlatforms) = preSolution
		Debug|Any CPU = Debug|Any CPU
		Release|Any CPU = Release|Any CPU
	EndGlobalSection
	GlobalSection(ProjectConfigurationPlatforms) = postSolution
		{4C1EF540-B130-4A6F-8942-712921E59E66}.Debug|Any CPU.ActiveCfg = Debug|Any CPU
		{4C1EF540-B130-4A6F-8942-712921E59E66}.Debug|Any CPU.Build.0 = Debug|Any CPU
		{4C1EF540-B130-4A6F-8942-712921E59E66}.Release|Any CPU.ActiveCfg = Release|Any CPU
		{4C1EF540-B130-4A6F-8942-712921E59E66}.Release|Any CPU.Build.0 = Release|Any CPU
	EndGlobalSection
	GlobalSection(SolutionProperties) = preSolution
		HideSolutionNode = FALSE
	EndGlobalSection
	GlobalSection(ExtensibilityGlobals) = postSolution
		SolutionGuid = {949EB7FE-2DDE-45B9-ADE1-711EA0B5F75F}
	EndGlobalSection
EndGlobal
